{
  "name": "texture2ddecoder-nodejs-esm-example",
  "version": "1.0.0",
  "lockfileVersion": 3,
  "requires": true,
  "packages": {
    "": {
      "name": "texture2ddecoder-nodejs-esm-example",
      "version": "1.0.0",
      "license": "MIT",
      "dependencies": {
        "unity-asset-reader-decoder": "^1.0.0"
      }
    },
    "node_modules/unity-asset-reader-decoder": {
      "version": "1.0.0",
      "resolved": "https://registry.npmjs.org/unity-asset-reader-decoder/-/unity-asset-reader-decoder-1.0.0.tgz",
      "license": "MIT",
      "bin": {
        "texture2ddecoder-copy-wasm": "scripts/copy-wasm.js"
      },
      "engines": {
        "node": ">=14.0.0"
      }
    }
  }
}
