{
  "name": "texture2ddecoder-nodejs-esm-example",
  "version": "1.0.0",
  "lockfileVersion": 3,
  "requires": true,
  "packages": {
    "": {
      "name": "texture2ddecoder-nodejs-esm-example",
      "version": "1.0.0",
      "license": "MIT",
      "dependencies": {
        "texture2ddecoder-wasm": "^1.2.2"
      }
    },
    "node_modules/texture2ddecoder-wasm": {
      "version": "1.2.2",
      "resolved": "https://registry.npmjs.org/texture2ddecoder-wasm/-/texture2ddecoder-wasm-1.2.2.tgz",
      "integrity": "sha512-z8xj94DAHSEF173rPL+UQtYtUpG0Vk3Fd8TGanzDbUwTXN0WXI8KXFwJuwFR6I5iYB5IBgj1rcumAdi5PHVTpw==",
      "license": "MIT",
      "bin": {
        "texture2ddecoder-copy-wasm": "scripts/copy-wasm.js"
      },
      "engines": {
        "node": ">=14.0.0"
      }
    }
  }
}
